
Microsoft Visual Studio Solution File, Format Version 12.00
# Visual Studio Version 17
VisualStudioVersion = 17.4.33205.214
MinimumVisualStudioVersion = 10.0.40219.1
Project("{FAE04EC0-301F-11D3-BF4B-00C04F79EFBC}") = "Projekat", "Projekat.csproj", "{14A39178-347C-4BC5-B64F-99F6CCBE0E5A}"
EndProject
Global
	GlobalSection(SolutionConfigurationPlatforms) = preSolution
		Debug|Any CPU = Debug|Any CPU
		Release|Any CPU = Release|Any CPU
	EndGlobalSection
	GlobalSection(ProjectConfigurationPlatforms) = postSolution
		{14A39178-347C-4BC5-B64F-99F6CCBE0E5A}.Debug|Any CPU.ActiveCfg = Debug|Any CPU
		{14A39178-347C-4BC5-B64F-99F6CCBE0E5A}.Debug|Any CPU.Build.0 = Debug|Any CPU
		{14A39178-347C-4BC5-B64F-99F6CCBE0E5A}.Release|Any CPU.ActiveCfg = Release|Any CPU
		{14A39178-347C-4BC5-B64F-99F6CCBE0E5A}.Release|Any CPU.Build.0 = Release|Any CPU
	EndGlobalSection
	GlobalSection(SolutionProperties) = preSolution
		HideSolutionNode = FALSE
	EndGlobalSection
	GlobalSection(ExtensibilityGlobals) = postSolution
		SolutionGuid = {5DDF4293-1797-4417-9813-4778A2780305}
	EndGlobalSection
EndGlobal
